
Microsoft Visual Studio Solution File, Format Version 12.00
# Visual Studio Version 17
VisualStudioVersion = 17.8.34309.116
MinimumVisualStudioVersion = 10.0.40219.1
Project("{2150E333-8FDC-42A3-9474-1A3956D46DE8}") = "BookingServices", "BookingServices", "{21A6EEEB-F130-4DE9-9556-3D9A813FDDEB}"
EndProject
Project("{2150E333-8FDC-42A3-9474-1A3956D46DE8}") = "PaymentService", "PaymentService", "{A27E9AD9-05FE-4449-B905-BA1F1C43BC4F}"
EndProject
Project("{2150E333-8FDC-42A3-9474-1A3956D46DE8}") = "Core", "Core", "{AEF4F325-E51D-414C-86C2-7D1AFC7BEA93}"
EndProject
Project("{2150E333-8FDC-42A3-9474-1A3956D46DE8}") = "Domain", "Domain", "{E7471CDC-9512-4666-AD6A-EB13E9815C49}"
EndProject
Project("{2150E333-8FDC-42A3-9474-1A3956D46DE8}") = "Application", "Application", "{EE0EE3CA-7BE7-46D9-B343-69B3C4207F21}"
EndProject
Project("{2150E333-8FDC-42A3-9474-1A3956D46DE8}") = "Adapters", "Adapters", "{0A2BBBB4-078F-4E4F-9ECD-C262E2F0C615}"
EndProject
Project("{2150E333-8FDC-42A3-9474-1A3956D46DE8}") = "Consumers", "Consumers", "{763AAB6F-B085-477B-A247-5950027E7AE7}"
EndProject
Project("{2150E333-8FDC-42A3-9474-1A3956D46DE8}") = "Tests", "Tests", "{0D3D5933-970F-4F6E-A3BA-E8F69768329E}"
EndProject
Project("{2150E333-8FDC-42A3-9474-1A3956D46DE8}") = "Adapters", "Adapters", "{33815C2E-8961-4C10-9EB6-F350662187FC}"
EndProject
Project("{2150E333-8FDC-42A3-9474-1A3956D46DE8}") = "Application", "Application", "{6DFC899E-70FC-417B-9195-9B328E979360}"
EndProject
Project("{2150E333-8FDC-42A3-9474-1A3956D46DE8}") = "Domain", "Domain", "{A8588D93-8362-4569-8889-0B7C6D9BB553}"
EndProject
Project("{9A19103F-16F7-4668-BE54-9A1E7A4F7556}") = "DomainTests", "BookingService\Tests\Domain\DomainTests\DomainTests.csproj", "{0AD8A394-2203-4953-AA36-09BB5592CA04}"
EndProject
Project("{9A19103F-16F7-4668-BE54-9A1E7A4F7556}") = "ApplicationTests", "BookingService\Tests\Application\ApplicationTests\ApplicationTests.csproj", "{A58D0E1C-5FA4-49AF-94B2-0A89D908CCBA}"
EndProject
Project("{9A19103F-16F7-4668-BE54-9A1E7A4F7556}") = "AdaptersTests", "BookingService\Tests\Adapters\AdaptersTests\AdaptersTests.csproj", "{3090378B-2B70-4936-A924-D832DF3E85B9}"
EndProject
Project("{9A19103F-16F7-4668-BE54-9A1E7A4F7556}") = "API", "BookingService\Consumers\API\API.csproj", "{036E849F-DC4D-46B1-B1C1-2CC6F0AFF5B0}"
EndProject
Project("{9A19103F-16F7-4668-BE54-9A1E7A4F7556}") = "Data", "BookingService\Adapters\Data\Data.csproj", "{4185D0AD-6262-4D9C-A2C5-C26329F2F767}"
EndProject
Project("{9A19103F-16F7-4668-BE54-9A1E7A4F7556}") = "Domain", "BookingService\Core\Domain\Domain.csproj", "{0BD5C3C8-BE60-4023-9EFD-9730995A1AA9}"
EndProject
Project("{9A19103F-16F7-4668-BE54-9A1E7A4F7556}") = "Application", "BookingService\Core\Application\Application.csproj", "{BF71C06C-E508-44D5-8906-F61BFDB323E9}"
EndProject
Global
	GlobalSection(SolutionConfigurationPlatforms) = preSolution
		Debug|Any CPU = Debug|Any CPU
		Release|Any CPU = Release|Any CPU
	EndGlobalSection
	GlobalSection(ProjectConfigurationPlatforms) = postSolution
		{0AD8A394-2203-4953-AA36-09BB5592CA04}.Debug|Any CPU.ActiveCfg = Debug|Any CPU
		{0AD8A394-2203-4953-AA36-09BB5592CA04}.Debug|Any CPU.Build.0 = Debug|Any CPU
		{0AD8A394-2203-4953-AA36-09BB5592CA04}.Release|Any CPU.ActiveCfg = Release|Any CPU
		{0AD8A394-2203-4953-AA36-09BB5592CA04}.Release|Any CPU.Build.0 = Release|Any CPU
		{A58D0E1C-5FA4-49AF-94B2-0A89D908CCBA}.Debug|Any CPU.ActiveCfg = Debug|Any CPU
		{A58D0E1C-5FA4-49AF-94B2-0A89D908CCBA}.Debug|Any CPU.Build.0 = Debug|Any CPU
		{A58D0E1C-5FA4-49AF-94B2-0A89D908CCBA}.Release|Any CPU.ActiveCfg = Release|Any CPU
		{A58D0E1C-5FA4-49AF-94B2-0A89D908CCBA}.Release|Any CPU.Build.0 = Release|Any CPU
		{3090378B-2B70-4936-A924-D832DF3E85B9}.Debug|Any CPU.ActiveCfg = Debug|Any CPU
		{3090378B-2B70-4936-A924-D832DF3E85B9}.Debug|Any CPU.Build.0 = Debug|Any CPU
		{3090378B-2B70-4936-A924-D832DF3E85B9}.Release|Any CPU.ActiveCfg = Release|Any CPU
		{3090378B-2B70-4936-A924-D832DF3E85B9}.Release|Any CPU.Build.0 = Release|Any CPU
		{036E849F-DC4D-46B1-B1C1-2CC6F0AFF5B0}.Debug|Any CPU.ActiveCfg = Debug|Any CPU
		{036E849F-DC4D-46B1-B1C1-2CC6F0AFF5B0}.Debug|Any CPU.Build.0 = Debug|Any CPU
		{036E849F-DC4D-46B1-B1C1-2CC6F0AFF5B0}.Release|Any CPU.ActiveCfg = Release|Any CPU
		{036E849F-DC4D-46B1-B1C1-2CC6F0AFF5B0}.Release|Any CPU.Build.0 = Release|Any CPU
		{4185D0AD-6262-4D9C-A2C5-C26329F2F767}.Debug|Any CPU.ActiveCfg = Debug|Any CPU
		{4185D0AD-6262-4D9C-A2C5-C26329F2F767}.Debug|Any CPU.Build.0 = Debug|Any CPU
		{4185D0AD-6262-4D9C-A2C5-C26329F2F767}.Release|Any CPU.ActiveCfg = Release|Any CPU
		{4185D0AD-6262-4D9C-A2C5-C26329F2F767}.Release|Any CPU.Build.0 = Release|Any CPU
		{0BD5C3C8-BE60-4023-9EFD-9730995A1AA9}.Debug|Any CPU.ActiveCfg = Debug|Any CPU
		{0BD5C3C8-BE60-4023-9EFD-9730995A1AA9}.Debug|Any CPU.Build.0 = Debug|Any CPU
		{0BD5C3C8-BE60-4023-9EFD-9730995A1AA9}.Release|Any CPU.ActiveCfg = Release|Any CPU
		{0BD5C3C8-BE60-4023-9EFD-9730995A1AA9}.Release|Any CPU.Build.0 = Release|Any CPU
		{BF71C06C-E508-44D5-8906-F61BFDB323E9}.Debug|Any CPU.ActiveCfg = Debug|Any CPU
		{BF71C06C-E508-44D5-8906-F61BFDB323E9}.Debug|Any CPU.Build.0 = Debug|Any CPU
		{BF71C06C-E508-44D5-8906-F61BFDB323E9}.Release|Any CPU.ActiveCfg = Release|Any CPU
		{BF71C06C-E508-44D5-8906-F61BFDB323E9}.Release|Any CPU.Build.0 = Release|Any CPU
	EndGlobalSection
	GlobalSection(SolutionProperties) = preSolution
		HideSolutionNode = FALSE
	EndGlobalSection
	GlobalSection(NestedProjects) = preSolution
		{AEF4F325-E51D-414C-86C2-7D1AFC7BEA93} = {21A6EEEB-F130-4DE9-9556-3D9A813FDDEB}
		{E7471CDC-9512-4666-AD6A-EB13E9815C49} = {AEF4F325-E51D-414C-86C2-7D1AFC7BEA93}
		{EE0EE3CA-7BE7-46D9-B343-69B3C4207F21} = {AEF4F325-E51D-414C-86C2-7D1AFC7BEA93}
		{0A2BBBB4-078F-4E4F-9ECD-C262E2F0C615} = {21A6EEEB-F130-4DE9-9556-3D9A813FDDEB}
		{763AAB6F-B085-477B-A247-5950027E7AE7} = {21A6EEEB-F130-4DE9-9556-3D9A813FDDEB}
		{0D3D5933-970F-4F6E-A3BA-E8F69768329E} = {21A6EEEB-F130-4DE9-9556-3D9A813FDDEB}
		{33815C2E-8961-4C10-9EB6-F350662187FC} = {0D3D5933-970F-4F6E-A3BA-E8F69768329E}
		{6DFC899E-70FC-417B-9195-9B328E979360} = {0D3D5933-970F-4F6E-A3BA-E8F69768329E}
		{A8588D93-8362-4569-8889-0B7C6D9BB553} = {0D3D5933-970F-4F6E-A3BA-E8F69768329E}
		{0AD8A394-2203-4953-AA36-09BB5592CA04} = {A8588D93-8362-4569-8889-0B7C6D9BB553}
		{A58D0E1C-5FA4-49AF-94B2-0A89D908CCBA} = {6DFC899E-70FC-417B-9195-9B328E979360}
		{3090378B-2B70-4936-A924-D832DF3E85B9} = {33815C2E-8961-4C10-9EB6-F350662187FC}
		{036E849F-DC4D-46B1-B1C1-2CC6F0AFF5B0} = {763AAB6F-B085-477B-A247-5950027E7AE7}
		{4185D0AD-6262-4D9C-A2C5-C26329F2F767} = {0A2BBBB4-078F-4E4F-9ECD-C262E2F0C615}
		{0BD5C3C8-BE60-4023-9EFD-9730995A1AA9} = {E7471CDC-9512-4666-AD6A-EB13E9815C49}
		{BF71C06C-E508-44D5-8906-F61BFDB323E9} = {EE0EE3CA-7BE7-46D9-B343-69B3C4207F21}
	EndGlobalSection
	GlobalSection(ExtensibilityGlobals) = postSolution
		SolutionGuid = {DC3D6E0F-DA54-44BD-9ADD-EE6AD0B500EA}
	EndGlobalSection
EndGlobal
